
Microsoft Visual Studio Solution File, Format Version 12.00
# Visual Studio Version 16
VisualStudioVersion = 16.0.31911.196
MinimumVisualStudioVersion = 10.0.40219.1
Project("{9A19103F-16F7-4668-BE54-9A1E7A4F7556}") = "The360Pro", "The360Pro.csproj", "{84428B0F-1800-4CD4-866B-AD2C9792C98B}"
EndProject
Project("{9A19103F-16F7-4668-BE54-9A1E7A4F7556}") = "AshFramework", "..\Frameworks\AshFramework\AshFramework.csproj", "{FD2158E7-30CC-4E90-B07B-AD48354F792E}"
EndProject
Project("{9A19103F-16F7-4668-BE54-9A1E7A4F7556}") = "AshproMessage", "..\Frameworks\AshProMessage\AshproMessage.csproj", "{4763E500-B964-49E7-935C-05A68E80526B}"
EndProject
Project("{9A19103F-16F7-4668-BE54-9A1E7A4F7556}") = "AshUsercontrol", "..\Frameworks\AshUserControl\AshUsercontrol.csproj", "{57B88330-A595-4013-9406-E1BB7CE5C244}"
EndProject
Project("{9A19103F-16F7-4668-BE54-9A1E7A4F7556}") = "DarrenLee.Translator", "..\Frameworks\DarrenLeeTranslator\DarrenLee.Translator.csproj", "{567A618D-6269-45AC-99D0-07CB42AE0A0E}"
EndProject
Project("{2150E333-8FDC-42A3-9474-1A3956D46DE8}") = "Solution Items", "Solution Items", "{98B16D13-09DF-4E91-BE90-BD1A1254CEBE}"
	ProjectSection(SolutionItems) = preProject
		.editorconfig = .editorconfig
	EndProjectSection
EndProject
Global
	GlobalSection(SolutionConfigurationPlatforms) = preSolution
		Debug|Any CPU = Debug|Any CPU
		Release|Any CPU = Release|Any CPU
	EndGlobalSection
	GlobalSection(ProjectConfigurationPlatforms) = postSolution
		{84428B0F-1800-4CD4-866B-AD2C9792C98B}.Debug|Any CPU.ActiveCfg = Debug|Any CPU
		{84428B0F-1800-4CD4-866B-AD2C9792C98B}.Debug|Any CPU.Build.0 = Debug|Any CPU
		{84428B0F-1800-4CD4-866B-AD2C9792C98B}.Release|Any CPU.ActiveCfg = Release|Any CPU
		{84428B0F-1800-4CD4-866B-AD2C9792C98B}.Release|Any CPU.Build.0 = Release|Any CPU
		{FD2158E7-30CC-4E90-B07B-AD48354F792E}.Debug|Any CPU.ActiveCfg = Debug|Any CPU
		{FD2158E7-30CC-4E90-B07B-AD48354F792E}.Debug|Any CPU.Build.0 = Debug|Any CPU
		{FD2158E7-30CC-4E90-B07B-AD48354F792E}.Release|Any CPU.ActiveCfg = Release|Any CPU
		{FD2158E7-30CC-4E90-B07B-AD48354F792E}.Release|Any CPU.Build.0 = Release|Any CPU
		{4763E500-B964-49E7-935C-05A68E80526B}.Debug|Any CPU.ActiveCfg = Debug|Any CPU
		{4763E500-B964-49E7-935C-05A68E80526B}.Debug|Any CPU.Build.0 = Debug|Any CPU
		{4763E500-B964-49E7-935C-05A68E80526B}.Release|Any CPU.ActiveCfg = Release|Any CPU
		{4763E500-B964-49E7-935C-05A68E80526B}.Release|Any CPU.Build.0 = Release|Any CPU
		{57B88330-A595-4013-9406-E1BB7CE5C244}.Debug|Any CPU.ActiveCfg = Debug|Any CPU
		{57B88330-A595-4013-9406-E1BB7CE5C244}.Debug|Any CPU.Build.0 = Debug|Any CPU
		{57B88330-A595-4013-9406-E1BB7CE5C244}.Release|Any CPU.ActiveCfg = Release|Any CPU
		{57B88330-A595-4013-9406-E1BB7CE5C244}.Release|Any CPU.Build.0 = Release|Any CPU
		{567A618D-6269-45AC-99D0-07CB42AE0A0E}.Debug|Any CPU.ActiveCfg = Debug|Any CPU
		{567A618D-6269-45AC-99D0-07CB42AE0A0E}.Debug|Any CPU.Build.0 = Debug|Any CPU
		{567A618D-6269-45AC-99D0-07CB42AE0A0E}.Release|Any CPU.ActiveCfg = Release|Any CPU
		{567A618D-6269-45AC-99D0-07CB42AE0A0E}.Release|Any CPU.Build.0 = Release|Any CPU
	EndGlobalSection
	GlobalSection(SolutionProperties) = preSolution
		HideSolutionNode = FALSE
	EndGlobalSection
	GlobalSection(ExtensibilityGlobals) = postSolution
		SolutionGuid = {62F332FA-0623-4DCD-A253-D874A373209E}
	EndGlobalSection
EndGlobal
